// !$*UTF8*$!
{
	archiveVersion = 1;
	classes = {
	};
	objectVersion = 51;
	objects = {

/* Begin PBXBuildFile section */
		363D467A25884D2C002B8A8B /* OfferView.swift in Sources */ = {isa = PBXBuildFile; fileRef = 363D467925884D2C002B8A8B /* OfferView.swift */; };
		363D467E25884D41002B8A8B /* CameraView.swift in Sources */ = {isa = PBXBuildFile; fileRef = 363D467D25884D41002B8A8B /* CameraView.swift */; };
		363D468425884D63002B8A8B /* OfferingListView.swift in Sources */ = {isa = PBXBuildFile; fileRef = 363D468325884D63002B8A8B /* OfferingListView.swift */; };
		363D468725884DC0002B8A8B /* ReservingListView.swift in Sources */ = {isa = PBXBuildFile; fileRef = 363D468625884DC0002B8A8B /* ReservingListView.swift */; };
		36AAE2152586206E00D053D1 /* Nikolaos_SwiftUIApp.swift in Sources */ = {isa = PBXBuildFile; fileRef = 36AAE2142586206E00D053D1 /* Nikolaos_SwiftUIApp.swift */; };
		36AAE2172586206E00D053D1 /* ContentView.swift in Sources */ = {isa = PBXBuildFile; fileRef = 36AAE2162586206E00D053D1 /* ContentView.swift */; };
		36AAE2192586206F00D053D1 /* Assets.xcassets in Resources */ = {isa = PBXBuildFile; fileRef = 36AAE2182586206F00D053D1 /* Assets.xcassets */; };
		36AAE21C2586206F00D053D1 /* Preview Assets.xcassets in Resources */ = {isa = PBXBuildFile; fileRef = 36AAE21B2586206F00D053D1 /* Preview Assets.xcassets */; };
		5FE05E4C2587903C001291BA /* GoogleService-Info.plist in Resources */ = {isa = PBXBuildFile; fileRef = 5FE05E4B2587903C001291BA /* GoogleService-Info.plist */; };
		5FE05E6F2587975C001291BA /* ItemModel.swift in Sources */ = {isa = PBXBuildFile; fileRef = 5FE05E6E2587975C001291BA /* ItemModel.swift */; };
		E61D4B1ABF92460B620CD8FF /* Pods_Nikolaos_SwiftUI.framework in Frameworks */ = {isa = PBXBuildFile; fileRef = 08C292BBF81A8B60D11F854C /* Pods_Nikolaos_SwiftUI.framework */; };
/* End PBXBuildFile section */

/* Begin PBXFileReference section */
		08C292BBF81A8B60D11F854C /* Pods_Nikolaos_SwiftUI.framework */ = {isa = PBXFileReference; explicitFileType = wrapper.framework; includeInIndex = 0; path = Pods_Nikolaos_SwiftUI.framework; sourceTree = BUILT_PRODUCTS_DIR; };
		0E8D0C154897FF59E3FE056B /* Pods-Nikolaos_SwiftUI.debug.xcconfig */ = {isa = PBXFileReference; includeInIndex = 1; lastKnownFileType = text.xcconfig; name = "Pods-Nikolaos_SwiftUI.debug.xcconfig"; path = "Target Support Files/Pods-Nikolaos_SwiftUI/Pods-Nikolaos_SwiftUI.debug.xcconfig"; sourceTree = "<group>"; };
		363D467925884D2C002B8A8B /* OfferView.swift */ = {isa = PBXFileReference; lastKnownFileType = sourcecode.swift; path = OfferView.swift; sourceTree = "<group>"; };
		363D467D25884D41002B8A8B /* CameraView.swift */ = {isa = PBXFileReference; lastKnownFileType = sourcecode.swift; path = CameraView.swift; sourceTree = "<group>"; };
		363D468325884D63002B8A8B /* OfferingListView.swift */ = {isa = PBXFileReference; lastKnownFileType = sourcecode.swift; path = OfferingListView.swift; sourceTree = "<group>"; };
		363D468625884DC0002B8A8B /* ReservingListView.swift */ = {isa = PBXFileReference; lastKnownFileType = sourcecode.swift; path = ReservingListView.swift; sourceTree = "<group>"; };
		36AAE2112586206E00D053D1 /* Nikolaos_SwiftUI.app */ = {isa = PBXFileReference; explicitFileType = wrapper.application; includeInIndex = 0; path = Nikolaos_SwiftUI.app; sourceTree = BUILT_PRODUCTS_DIR; };
		36AAE2142586206E00D053D1 /* Nikolaos_SwiftUIApp.swift */ = {isa = PBXFileReference; lastKnownFileType = sourcecode.swift; path = Nikolaos_SwiftUIApp.swift; sourceTree = "<group>"; };
		36AAE2162586206E00D053D1 /* ContentView.swift */ = {isa = PBXFileReference; lastKnownFileType = sourcecode.swift; path = ContentView.swift; sourceTree = "<group>"; };
		36AAE2182586206F00D053D1 /* Assets.xcassets */ = {isa = PBXFileReference; lastKnownFileType = folder.assetcatalog; path = Assets.xcassets; sourceTree = "<group>"; };
		36AAE21B2586206F00D053D1 /* Preview Assets.xcassets */ = {isa = PBXFileReference; lastKnownFileType = folder.assetcatalog; path = "Preview Assets.xcassets"; sourceTree = "<group>"; };
		36AAE21D2586206F00D053D1 /* Info.plist */ = {isa = PBXFileReference; lastKnownFileType = text.plist.xml; path = Info.plist; sourceTree = "<group>"; };
		5FE05E4B2587903C001291BA /* GoogleService-Info.plist */ = {isa = PBXFileReference; fileEncoding = 4; lastKnownFileType = text.plist.xml; path = "GoogleService-Info.plist"; sourceTree = "<group>"; };
		5FE05E6E2587975C001291BA /* ItemModel.swift */ = {isa = PBXFileReference; lastKnownFileType = sourcecode.swift; path = ItemModel.swift; sourceTree = "<group>"; };
		B81C92B65D6F1E81C1F063A7 /* Pods-Nikolaos_SwiftUI.release.xcconfig */ = {isa = PBXFileReference; includeInIndex = 1; lastKnownFileType = text.xcconfig; name = "Pods-Nikolaos_SwiftUI.release.xcconfig"; path = "Target Support Files/Pods-Nikolaos_SwiftUI/Pods-Nikolaos_SwiftUI.release.xcconfig"; sourceTree = "<group>"; };
/* End PBXFileReference section */

/* Begin PBXFrameworksBuildPhase section */
		36AAE20E2586206E00D053D1 /* Frameworks */ = {
			isa = PBXFrameworksBuildPhase;
			buildActionMask = 2147483647;
			files = (
				E61D4B1ABF92460B620CD8FF /* Pods_Nikolaos_SwiftUI.framework in Frameworks */,
			);
			runOnlyForDeploymentPostprocessing = 0;
		};
/* End PBXFrameworksBuildPhase section */

/* Begin PBXGroup section */
		363D467525884CC7002B8A8B /* Camera */ = {
			isa = PBXGroup;
			children = (
				363D467D25884D41002B8A8B /* CameraView.swift */,
			);
			path = Camera;
			sourceTree = "<group>";
		};
		363D467625884CCE002B8A8B /* OfferingList */ = {
			isa = PBXGroup;
			children = (
				363D468325884D63002B8A8B /* OfferingListView.swift */,
			);
			path = OfferingList;
			sourceTree = "<group>";
		};
		363D467725884CEA002B8A8B /* Offer */ = {
			isa = PBXGroup;
			children = (
				363D467925884D2C002B8A8B /* OfferView.swift */,
			);
			path = Offer;
			sourceTree = "<group>";
		};
		363D467825884CFD002B8A8B /* ReservingList */ = {
			isa = PBXGroup;
			children = (
				363D468625884DC0002B8A8B /* ReservingListView.swift */,
			);
			path = ReservingList;
			sourceTree = "<group>";
		};
		36AAE2082586206E00D053D1 = {
			isa = PBXGroup;
			children = (
				36AAE2132586206E00D053D1 /* Nikolaos_SwiftUI */,
				36AAE2122586206E00D053D1 /* Products */,
				F7B4683BFC4F514D0FAB1711 /* Pods */,
				48F37CB67C15FC4BFFE9B5BA /* Frameworks */,
			);
			sourceTree = "<group>";
		};
		36AAE2122586206E00D053D1 /* Products */ = {
			isa = PBXGroup;
			children = (
				36AAE2112586206E00D053D1 /* Nikolaos_SwiftUI.app */,
			);
			name = Products;
			sourceTree = "<group>";
		};
		36AAE2132586206E00D053D1 /* Nikolaos_SwiftUI */ = {
			isa = PBXGroup;
			children = (
				5FE05E4B2587903C001291BA /* GoogleService-Info.plist */,
				36AAE2142586206E00D053D1 /* Nikolaos_SwiftUIApp.swift */,
				5FE05E6E2587975C001291BA /* ItemModel.swift */,
				36AAE2162586206E00D053D1 /* ContentView.swift */,
				36AAE2182586206F00D053D1 /* Assets.xcassets */,
				363D467725884CEA002B8A8B /* Offer */,
				363D467525884CC7002B8A8B /* Camera */,
				363D467825884CFD002B8A8B /* ReservingList */,
				363D467625884CCE002B8A8B /* OfferingList */,
				36AAE21D2586206F00D053D1 /* Info.plist */,
				36AAE21A2586206F00D053D1 /* Preview Content */,
			);
			path = Nikolaos_SwiftUI;
			sourceTree = "<group>";
		};
		36AAE21A2586206F00D053D1 /* Preview Content */ = {
			isa = PBXGroup;
			children = (
				36AAE21B2586206F00D053D1 /* Preview Assets.xcassets */,
			);
			path = "Preview Content";
			sourceTree = "<group>";
		};
		48F37CB67C15FC4BFFE9B5BA /* Frameworks */ = {
			isa = PBXGroup;
			children = (
				08C292BBF81A8B60D11F854C /* Pods_Nikolaos_SwiftUI.framework */,
			);
			name = Frameworks;
			sourceTree = "<group>";
		};
		F7B4683BFC4F514D0FAB1711 /* Pods */ = {
			isa = PBXGroup;
			children = (
				0E8D0C154897FF59E3FE056B /* Pods-Nikolaos_SwiftUI.debug.xcconfig */,
				B81C92B65D6F1E81C1F063A7 /* Pods-Nikolaos_SwiftUI.release.xcconfig */,
			);
			path = Pods;
			sourceTree = "<group>";
		};
/* End PBXGroup section */

/* Begin PBXNativeTarget section */
		36AAE2102586206E00D053D1 /* Nikolaos_SwiftUI */ = {
			isa = PBXNativeTarget;
			buildConfigurationList = 36AAE2202586206F00D053D1 /* Build configuration list for PBXNativeTarget "Nikolaos_SwiftUI" */;
			buildPhases = (
				ADD533F51F55A3F35A1B4189 /* [CP] Check Pods Manifest.lock */,
				36AAE20D2586206E00D053D1 /* Sources */,
				36AAE20E2586206E00D053D1 /* Frameworks */,
				36AAE20F2586206E00D053D1 /* Resources */,
				04289B10B580BB6EC9D4F852 /* [CP] Embed Pods Frameworks */,
			);
			buildRules = (
			);
			dependencies = (
			);
			name = Nikolaos_SwiftUI;
			productName = Nikolaos_SwiftUI;
			productReference = 36AAE2112586206E00D053D1 /* Nikolaos_SwiftUI.app */;
			productType = "com.apple.product-type.application";
		};
/* End PBXNativeTarget section */

/* Begin PBXProject section */
		36AAE2092586206E00D053D1 /* Project object */ = {
			isa = PBXProject;
			attributes = {
				LastSwiftUpdateCheck = 1200;
				LastUpgradeCheck = 1200;
				TargetAttributes = {
					36AAE2102586206E00D053D1 = {
						CreatedOnToolsVersion = 12.0.1;
					};
				};
			};
			buildConfigurationList = 36AAE20C2586206E00D053D1 /* Build configuration list for PBXProject "Nikolaos_SwiftUI" */;
			compatibilityVersion = "Xcode 9.3";
			developmentRegion = en;
			hasScannedForEncodings = 0;
			knownRegions = (
				en,
				Base,
			);
			mainGroup = 36AAE2082586206E00D053D1;
			productRefGroup = 36AAE2122586206E00D053D1 /* Products */;
			projectDirPath = "";
			projectRoot = "";
			targets = (
				36AAE2102586206E00D053D1 /* Nikolaos_SwiftUI */,
			);
		};
/* End PBXProject section */

/* Begin PBXResourcesBuildPhase section */
		36AAE20F2586206E00D053D1 /* Resources */ = {
			isa = PBXResourcesBuildPhase;
			buildActionMask = 2147483647;
			files = (
				36AAE21C2586206F00D053D1 /* Preview Assets.xcassets in Resources */,
				36AAE2192586206F00D053D1 /* Assets.xcassets in Resources */,
				5FE05E4C2587903C001291BA /* GoogleService-Info.plist in Resources */,
			);
			runOnlyForDeploymentPostprocessing = 0;
		};
/* End PBXResourcesBuildPhase section */

/* Begin PBXShellScriptBuildPhase section */
		04289B10B580BB6EC9D4F852 /* [CP] Embed Pods Frameworks */ = {
			isa = PBXShellScriptBuildPhase;
			buildActionMask = 2147483647;
			files = (
			);
			inputFileListPaths = (
				"${PODS_ROOT}/Target Support Files/Pods-Nikolaos_SwiftUI/Pods-Nikolaos_SwiftUI-frameworks-${CONFIGURATION}-input-files.xcfilelist",
			);
			name = "[CP] Embed Pods Frameworks";
			outputFileListPaths = (
				"${PODS_ROOT}/Target Support Files/Pods-Nikolaos_SwiftUI/Pods-Nikolaos_SwiftUI-frameworks-${CONFIGURATION}-output-files.xcfilelist",
			);
			runOnlyForDeploymentPostprocessing = 0;
			shellPath = /bin/sh;
			shellScript = "\"${PODS_ROOT}/Target Support Files/Pods-Nikolaos_SwiftUI/Pods-Nikolaos_SwiftUI-frameworks.sh\"\n";
			showEnvVarsInLog = 0;
		};
		ADD533F51F55A3F35A1B4189 /* [CP] Check Pods Manifest.lock */ = {
			isa = PBXShellScriptBuildPhase;
			buildActionMask = 2147483647;
			files = (
			);
			inputFileListPaths = (
			);
			inputPaths = (
				"${PODS_PODFILE_DIR_PATH}/Podfile.lock",
				"${PODS_ROOT}/Manifest.lock",
			);
			name = "[CP] Check Pods Manifest.lock";
			outputFileListPaths = (
			);
			outputPaths = (
				"$(DERIVED_FILE_DIR)/Pods-Nikolaos_SwiftUI-checkManifestLockResult.txt",
			);
			runOnlyForDeploymentPostprocessing = 0;
			shellPath = /bin/sh;
			shellScript = "diff \"${PODS_PODFILE_DIR_PATH}/Podfile.lock\" \"${PODS_ROOT}/Manifest.lock\" > /dev/null\nif [ $? != 0 ] ; then\n    # print error to STDERR\n    echo \"error: The sandbox is not in sync with the Podfile.lock. Run 'pod install' or update your CocoaPods installation.\" >&2\n    exit 1\nfi\n# This output is used by Xcode 'outputs' to avoid re-running this script phase.\necho \"SUCCESS\" > \"${SCRIPT_OUTPUT_FILE_0}\"\n";
			showEnvVarsInLog = 0;
		};
/* End PBXShellScriptBuildPhase section */

/* Begin PBXSourcesBuildPhase section */
		36AAE20D2586206E00D053D1 /* Sources */ = {
			isa = PBXSourcesBuildPhase;
			buildActionMask = 2147483647;
			files = (
				36AAE2172586206E00D053D1 /* ContentView.swift in Sources */,
				5FE05E6F2587975C001291BA /* ItemModel.swift in Sources */,
				363D467A25884D2C002B8A8B /* OfferView.swift in Sources */,
				36AAE2152586206E00D053D1 /* Nikolaos_SwiftUIApp.swift in Sources */,
				363D468425884D63002B8A8B /* OfferingListView.swift in Sources */,
				363D468725884DC0002B8A8B /* ReservingListView.swift in Sources */,
				363D467E25884D41002B8A8B /* CameraView.swift in Sources */,
			);
			runOnlyForDeploymentPostprocessing = 0;
		};
/* End PBXSourcesBuildPhase section */

/* Begin XCBuildConfiguration section */
		36AAE21E2586206F00D053D1 /* Debug */ = {
			isa = XCBuildConfiguration;
			buildSettings = {
				ALWAYS_SEARCH_USER_PATHS = NO;
				CLANG_ANALYZER_NONNULL = YES;
				CLANG_ANALYZER_NUMBER_OBJECT_CONVERSION = YES_AGGRESSIVE;
				CLANG_CXX_LANGUAGE_STANDARD = "gnu++14";
				CLANG_CXX_LIBRARY = "libc++";
				CLANG_ENABLE_MODULES = YES;
				CLANG_ENABLE_OBJC_ARC = YES;
				CLANG_ENABLE_OBJC_WEAK = YES;
				CLANG_WARN_BLOCK_CAPTURE_AUTORELEASING = YES;
				CLANG_WARN_BOOL_CONVERSION = YES;
				CLANG_WARN_COMMA = YES;
				CLANG_WARN_CONSTANT_CONVERSION = YES;
				CLANG_WARN_DEPRECATED_OBJC_IMPLEMENTATIONS = YES;
				CLANG_WARN_DIRECT_OBJC_ISA_USAGE = YES_ERROR;
				CLANG_WARN_DOCUMENTATION_COMMENTS = YES;
				CLANG_WARN_EMPTY_BODY = YES;
				CLANG_WARN_ENUM_CONVERSION = YES;
				CLANG_WARN_INFINITE_RECURSION = YES;
				CLANG_WARN_INT_CONVERSION = YES;
				CLANG_WARN_NON_LITERAL_NULL_CONVERSION = YES;
				CLANG_WARN_OBJC_IMPLICIT_RETAIN_SELF = YES;
				CLANG_WARN_OBJC_LITERAL_CONVERSION = YES;
				CLANG_WARN_OBJC_ROOT_CLASS = YES_ERROR;
				CLANG_WARN_QUOTED_INCLUDE_IN_FRAMEWORK_HEADER = YES;
				CLANG_WARN_RANGE_LOOP_ANALYSIS = YES;
				CLANG_WARN_STRICT_PROTOTYPES = YES;
				CLANG_WARN_SUSPICIOUS_MOVE = YES;
				CLANG_WARN_UNGUARDED_AVAILABILITY = YES_AGGRESSIVE;
				CLANG_WARN_UNREACHABLE_CODE = YES;
				CLANG_WARN__DUPLICATE_METHOD_MATCH = YES;
				COPY_PHASE_STRIP = NO;
				DEBUG_INFORMATION_FORMAT = dwarf;
				ENABLE_STRICT_OBJC_MSGSEND = YES;
				ENABLE_TESTABILITY = YES;
				GCC_C_LANGUAGE_STANDARD = gnu11;
				GCC_DYNAMIC_NO_PIC = NO;
				GCC_NO_COMMON_BLOCKS = YES;
				GCC_OPTIMIZATION_LEVEL = 0;
				GCC_PREPROCESSOR_DEFINITIONS = (
					"DEBUG=1",
					"$(inherited)",
				);
				GCC_WARN_64_TO_32_BIT_CONVERSION = YES;
				GCC_WARN_ABOUT_RETURN_TYPE = YES_ERROR;
				GCC_WARN_UNDECLARED_SELECTOR = YES;
				GCC_WARN_UNINITIALIZED_AUTOS = YES_AGGRESSIVE;
				GCC_WARN_UNUSED_FUNCTION = YES;
				GCC_WARN_UNUSED_VARIABLE = YES;
				IPHONEOS_DEPLOYMENT_TARGET = 14.0;
				MTL_ENABLE_DEBUG_INFO = INCLUDE_SOURCE;
				MTL_FAST_MATH = YES;
				ONLY_ACTIVE_ARCH = YES;
				SDKROOT = iphoneos;
				SWIFT_ACTIVE_COMPILATION_CONDITIONS = DEBUG;
				SWIFT_OPTIMIZATION_LEVEL = "-Onone";
			};
			name = Debug;
		};
		36AAE21F2586206F00D053D1 /* Release */ = {
			isa = XCBuildConfiguration;
			buildSettings = {
				ALWAYS_SEARCH_USER_PATHS = NO;
				CLANG_ANALYZER_NONNULL = YES;
				CLANG_ANALYZER_NUMBER_OBJECT_CONVERSION = YES_AGGRESSIVE;
				CLANG_CXX_LANGUAGE_STANDARD = "gnu++14";
				CLANG_CXX_LIBRARY = "libc++";
				CLANG_ENABLE_MODULES = YES;
				CLANG_ENABLE_OBJC_ARC = YES;
				CLANG_ENABLE_OBJC_WEAK = YES;
				CLANG_WARN_BLOCK_CAPTURE_AUTORELEASING = YES;
				CLANG_WARN_BOOL_CONVERSION = YES;
				CLANG_WARN_COMMA = YES;
				CLANG_WARN_CONSTANT_CONVERSION = YES;
				CLANG_WARN_DEPRECATED_OBJC_IMPLEMENTATIONS = YES;
				CLANG_WARN_DIRECT_OBJC_ISA_USAGE = YES_ERROR;
				CLANG_WARN_DOCUMENTATION_COMMENTS = YES;
				CLANG_WARN_EMPTY_BODY = YES;
				CLANG_WARN_ENUM_CONVERSION = YES;
				CLANG_WARN_INFINITE_RECURSION = YES;
				CLANG_WARN_INT_CONVERSION = YES;
				CLANG_WARN_NON_LITERAL_NULL_CONVERSION = YES;
				CLANG_WARN_OBJC_IMPLICIT_RETAIN_SELF = YES;
				CLANG_WARN_OBJC_LITERAL_CONVERSION = YES;
				CLANG_WARN_OBJC_ROOT_CLASS = YES_ERROR;
				CLANG_WARN_QUOTED_INCLUDE_IN_FRAMEWORK_HEADER = YES;
				CLANG_WARN_RANGE_LOOP_ANALYSIS = YES;
				CLANG_WARN_STRICT_PROTOTYPES = YES;
				CLANG_WARN_SUSPICIOUS_MOVE = YES;
				CLANG_WARN_UNGUARDED_AVAILABILITY = YES_AGGRESSIVE;
				CLANG_WARN_UNREACHABLE_CODE = YES;
				CLANG_WARN__DUPLICATE_METHOD_MATCH = YES;
				COPY_PHASE_STRIP = NO;
				DEBUG_INFORMATION_FORMAT = "dwarf-with-dsym";
				ENABLE_NS_ASSERTIONS = NO;
				ENABLE_STRICT_OBJC_MSGSEND = YES;
				GCC_C_LANGUAGE_STANDARD = gnu11;
				GCC_NO_COMMON_BLOCKS = YES;
				GCC_WARN_64_TO_32_BIT_CONVERSION = YES;
				GCC_WARN_ABOUT_RETURN_TYPE = YES_ERROR;
				GCC_WARN_UNDECLARED_SELECTOR = YES;
				GCC_WARN_UNINITIALIZED_AUTOS = YES_AGGRESSIVE;
				GCC_WARN_UNUSED_FUNCTION = YES;
				GCC_WARN_UNUSED_VARIABLE = YES;
				IPHONEOS_DEPLOYMENT_TARGET = 14.0;
				MTL_ENABLE_DEBUG_INFO = NO;
				MTL_FAST_MATH = YES;
				SDKROOT = iphoneos;
				SWIFT_COMPILATION_MODE = wholemodule;
				SWIFT_OPTIMIZATION_LEVEL = "-O";
				VALIDATE_PRODUCT = YES;
			};
			name = Release;
		};
		36AAE2212586206F00D053D1 /* Debug */ = {
			isa = XCBuildConfiguration;
			baseConfigurationReference = 0E8D0C154897FF59E3FE056B /* Pods-Nikolaos_SwiftUI.debug.xcconfig */;
			buildSettings = {
				ASSETCATALOG_COMPILER_APPICON_NAME = AppIcon;
				ASSETCATALOG_COMPILER_GLOBAL_ACCENT_COLOR_NAME = AccentColor;
				CODE_SIGN_STYLE = Automatic;
				DEVELOPMENT_ASSET_PATHS = "\"Nikolaos_SwiftUI/Preview Content\"";
				DEVELOPMENT_TEAM = 6YBW4DU99C;
				ENABLE_PREVIEWS = YES;
				INFOPLIST_FILE = Nikolaos_SwiftUI/Info.plist;
				IPHONEOS_DEPLOYMENT_TARGET = 14.0;
				LD_RUNPATH_SEARCH_PATHS = (
					"$(inherited)",
					"@executable_path/Frameworks",
				);
				PRODUCT_BUNDLE_IDENTIFIER = "com.Nitta.Nikolaos-SwiftUI";
				PRODUCT_NAME = "$(TARGET_NAME)";
				SWIFT_VERSION = 5.0;
				TARGETED_DEVICE_FAMILY = "1,2";
			};
			name = Debug;
		};
		36AAE2222586206F00D053D1 /* Release */ = {
			isa = XCBuildConfiguration;
			baseConfigurationReference = B81C92B65D6F1E81C1F063A7 /* Pods-Nikolaos_SwiftUI.release.xcconfig */;
			buildSettings = {
				ASSETCATALOG_COMPILER_APPICON_NAME = AppIcon;
				ASSETCATALOG_COMPILER_GLOBAL_ACCENT_COLOR_NAME = AccentColor;
				CODE_SIGN_STYLE = Automatic;
				DEVELOPMENT_ASSET_PATHS = "\"Nikolaos_SwiftUI/Preview Content\"";
				DEVELOPMENT_TEAM = 6YBW4DU99C;
				ENABLE_PREVIEWS = YES;
				INFOPLIST_FILE = Nikolaos_SwiftUI/Info.plist;
				IPHONEOS_DEPLOYMENT_TARGET = 14.0;
				LD_RUNPATH_SEARCH_PATHS = (
					"$(inherited)",
					"@executable_path/Frameworks",
				);
				PRODUCT_BUNDLE_IDENTIFIER = "com.Nitta.Nikolaos-SwiftUI";
				PRODUCT_NAME = "$(TARGET_NAME)";
				SWIFT_VERSION = 5.0;
				TARGETED_DEVICE_FAMILY = "1,2";
			};
			name = Release;
		};
/* End XCBuildConfiguration section */

/* Begin XCConfigurationList section */
		36AAE20C2586206E00D053D1 /* Build configuration list for PBXProject "Nikolaos_SwiftUI" */ = {
			isa = XCConfigurationList;
			buildConfigurations = (
				36AAE21E2586206F00D053D1 /* Debug */,
				36AAE21F2586206F00D053D1 /* Release */,
			);
			defaultConfigurationIsVisible = 0;
			defaultConfigurationName = Release;
		};
		36AAE2202586206F00D053D1 /* Build configuration list for PBXNativeTarget "Nikolaos_SwiftUI" */ = {
			isa = XCConfigurationList;
			buildConfigurations = (
				36AAE2212586206F00D053D1 /* Debug */,
				36AAE2222586206F00D053D1 /* Release */,
			);
			defaultConfigurationIsVisible = 0;
			defaultConfigurationName = Release;
		};
/* End XCConfigurationList section */
	};
	rootObject = 36AAE2092586206E00D053D1 /* Project object */;
}
